{
  "nodes": {
    "conform-nvim": {
      "flake": false,
      "locked": {
        "lastModified": 1726168403,
        "narHash": "sha256-AWgG+16Bh/xu50pU78mKIcQy9MKzWF1YKdbEt5jX0WQ=",
        "owner": "stevearc",
        "repo": "conform.nvim",
        "rev": "1a99fdc1d3aa9ccdf3021e67982a679a8c5c740c",
        "type": "github"
      },
      "original": {
        "owner": "stevearc",
        "ref": "1a99fdc1d3aa9ccdf3021e67982a679a8c5c740c",
        "repo": "conform.nvim",
        "type": "github"
      }
    },
    "dotfiles": {
      "inputs": {
        "conform-nvim": "conform-nvim",
        "fzf-lua": "fzf-lua",
        "nixpkgs": "nixpkgs",
        "nvim-lspconfig": "nvim-lspconfig",
        "nvim-surround": "nvim-surround",
        "nvim-treesitter": "nvim-treesitter",
        "pax": "pax",
        "vim-tmux-navigator": "vim-tmux-navigator"
      },
      "locked": {
        "lastModified": 1729869378,
        "narHash": "sha256-ARH2TDqChgTJX4GdZLy547RGkRUVAWlYYL/8leWtVHY=",
        "owner": "alunturner",
        "repo": ".dotfiles",
        "rev": "16022db3bae6d75591e764df908df3c817b1375e",
        "type": "github"
      },
      "original": {
        "owner": "alunturner",
        "ref": "flake",
        "repo": ".dotfiles",
        "type": "github"
      }
    },
    "fzf-lua": {
      "flake": false,
      "locked": {
        "lastModified": 1726327850,
        "narHash": "sha256-np9G0EMzacMAzjayPe/CRh3RQHxv5x48ieWuAPcSEGc=",
        "owner": "ibhagwan",
        "repo": "fzf-lua",
        "rev": "f513524561060f2b9e3bd6d36ff046bfa03ca114",
        "type": "github"
      },
      "original": {
        "owner": "ibhagwan",
        "ref": "f513524561060f2b9e3bd6d36ff046bfa03ca114",
        "repo": "fzf-lua",
        "type": "github"
      }
    },
    "home-manager": {
      "inputs": {
        "nixpkgs": [
          "nixpkgs"
        ]
      },
      "locked": {
        "lastModified": 1728903686,
        "narHash": "sha256-ZHFrGNWDDriZ4m8CA/5kDa250SG1LiiLPApv1p/JF0o=",
        "owner": "nix-community",
        "repo": "home-manager",
        "rev": "e1aec543f5caf643ca0d94b6a633101942fd065f",
        "type": "github"
      },
      "original": {
        "owner": "nix-community",
        "repo": "home-manager",
        "type": "github"
      }
    },
    "nixpkgs": {
      "locked": {
        "lastModified": 0,
        "narHash": "sha256-f0SBJz1eZ2yOuKUr5CA9BHULGXVSn6miBuUWdTyhUhU=",
        "path": "/nix/store/mln6wr5z539qgldmsm4j1k8k0dm19yvz-source",
        "type": "path"
      },
      "original": {
        "id": "nixpkgs",
        "type": "indirect"
      }
    },
    "nixpkgs_2": {
      "locked": {
        "lastModified": 1728492678,
        "narHash": "sha256-9UTxR8eukdg+XZeHgxW5hQA9fIKHsKCdOIUycTryeVw=",
        "owner": "nixos",
        "repo": "nixpkgs",
        "rev": "5633bcff0c6162b9e4b5f1264264611e950c8ec7",
        "type": "github"
      },
      "original": {
        "owner": "nixos",
        "ref": "nixos-unstable",
        "repo": "nixpkgs",
        "type": "github"
      }
    },
    "nvim-lspconfig": {
      "flake": false,
      "locked": {
        "lastModified": 1726551548,
        "narHash": "sha256-LpkQCq5RJL+s1ywa2h8HYIFhu3N5WuieKcFYEHECn5k=",
        "owner": "neovim",
        "repo": "nvim-lspconfig",
        "rev": "eb36e0185ad4b92b0999fb698428f2966334d2c1",
        "type": "github"
      },
      "original": {
        "owner": "neovim",
        "ref": "eb36e0185ad4b92b0999fb698428f2966334d2c1",
        "repo": "nvim-lspconfig",
        "type": "github"
      }
    },
    "nvim-surround": {
      "flake": false,
      "locked": {
        "lastModified": 1719245706,
        "narHash": "sha256-DCNfT//qMnzIu4V9or3Q39h4XzLz9P4twtHnQHV2rrQ=",
        "owner": "kylechui",
        "repo": "nvim-surround",
        "rev": "ec2dc7671067e0086cdf29c2f5df2dd909d5f71f",
        "type": "github"
      },
      "original": {
        "owner": "kylechui",
        "ref": "ec2dc7671067e0086cdf29c2f5df2dd909d5f71f",
        "repo": "nvim-surround",
        "type": "github"
      }
    },
    "nvim-treesitter": {
      "flake": false,
      "locked": {
        "lastModified": 1726555808,
        "narHash": "sha256-DhWplaV1KvlTACUcLQHjG1l5wJOWNVL/a8X9rneNgmI=",
        "owner": "nvim-treesitter",
        "repo": "nvim-treesitter",
        "rev": "4d94c24d6cb9985347bdf0692c1fd81088c6c8b2",
        "type": "github"
      },
      "original": {
        "owner": "nvim-treesitter",
        "ref": "4d94c24d6cb9985347bdf0692c1fd81088c6c8b2",
        "repo": "nvim-treesitter",
        "type": "github"
      }
    },
    "pax": {
      "flake": false,
      "locked": {
        "lastModified": 1726604935,
        "narHash": "sha256-hW4XsdSB+nfsjaXm4MXyrwZbT381P5ep+Wu/jFzw1fI=",
        "owner": "alunturner",
        "repo": "pax",
        "rev": "26fcb99d9bd0e27b2b0b9fe6586181258463481f",
        "type": "github"
      },
      "original": {
        "owner": "alunturner",
        "ref": "26fcb99d9bd0e27b2b0b9fe6586181258463481f",
        "repo": "pax",
        "type": "github"
      }
    },
    "root": {
      "inputs": {
        "dotfiles": "dotfiles",
        "home-manager": "home-manager",
        "nixpkgs": "nixpkgs_2"
      }
    },
    "vim-tmux-navigator": {
      "flake": false,
      "locked": {
        "lastModified": 1726325974,
        "narHash": "sha256-IcgMyMbI2/evwRqdawXYJmJw3Q/jGbVuCOWUKYXz2mk=",
        "owner": "christoomey",
        "repo": "vim-tmux-navigator",
        "rev": "a9b52e7d36114d40350099f254b5f299a35df978",
        "type": "github"
      },
      "original": {
        "owner": "christoomey",
        "ref": "a9b52e7d36114d40350099f254b5f299a35df978",
        "repo": "vim-tmux-navigator",
        "type": "github"
      }
    }
  },
  "root": "root",
  "version": 7
}
